// !$*UTF8*$!
{
	archiveVersion = 1;
	classes = {
	};
	objectVersion = 48;
	objects = {

/* Begin PBXBuildFile section */
		4E5739F459D6283F4E6D544E /* Pods_AltoTests.framework in Frameworks */ = {isa = PBXBuildFile; fileRef = E7E8D8F83B90A4A6FB733974 /* Pods_AltoTests.framework */; };
		D0CBC6862D9E918C76FCB0B6 /* Pods_AltoUITests.framework in Frameworks */ = {isa = PBXBuildFile; fileRef = 846E35D41364023A1EC8575F /* Pods_AltoUITests.framework */; };
		E91900D46A6D90F2B7D4852D /* Pods_Alto.framework in Frameworks */ = {isa = PBXBuildFile; fileRef = 148A45BE16A99598F80C553B /* Pods_Alto.framework */; };
		F51D1D76200ED49E00E29729 /* NSObject+Extensions.swift in Sources */ = {isa = PBXBuildFile; fileRef = F51D1D75200ED49E00E29729 /* NSObject+Extensions.swift */; };
		F51D1D78200EDADE00E29729 /* MiniPlayerView.xib in Resources */ = {isa = PBXBuildFile; fileRef = F51D1D77200EDADE00E29729 /* MiniPlayerView.xib */; };
		F550F2E8200D899C00B50431 /* AppDelegate.swift in Sources */ = {isa = PBXBuildFile; fileRef = F550F2E7200D899C00B50431 /* AppDelegate.swift */; };
		F550F2EA200D899C00B50431 /* BaseViewController.swift in Sources */ = {isa = PBXBuildFile; fileRef = F550F2E9200D899C00B50431 /* BaseViewController.swift */; };
		F550F2ED200D899C00B50431 /* Main.storyboard in Resources */ = {isa = PBXBuildFile; fileRef = F550F2EB200D899C00B50431 /* Main.storyboard */; };
		F550F2EF200D899C00B50431 /* Assets.xcassets in Resources */ = {isa = PBXBuildFile; fileRef = F550F2EE200D899C00B50431 /* Assets.xcassets */; };
		F550F2F2200D899C00B50431 /* LaunchScreen.storyboard in Resources */ = {isa = PBXBuildFile; fileRef = F550F2F0200D899C00B50431 /* LaunchScreen.storyboard */; };
		F550F2FD200D899C00B50431 /* AltoTests.swift in Sources */ = {isa = PBXBuildFile; fileRef = F550F2FC200D899C00B50431 /* AltoTests.swift */; };
		F550F308200D899C00B50431 /* AltoUITests.swift in Sources */ = {isa = PBXBuildFile; fileRef = F550F307200D899C00B50431 /* AltoUITests.swift */; };
		F550F316200D8E2D00B50431 /* Library.storyboard in Resources */ = {isa = PBXBuildFile; fileRef = F550F315200D8E2D00B50431 /* Library.storyboard */; };
		F550F318200D8E3700B50431 /* Search.storyboard in Resources */ = {isa = PBXBuildFile; fileRef = F550F317200D8E3700B50431 /* Search.storyboard */; };
		F550F31A200D8E4300B50431 /* Settings.storyboard in Resources */ = {isa = PBXBuildFile; fileRef = F550F319200D8E4300B50431 /* Settings.storyboard */; };
		F550F31C200D8FD400B50431 /* BaseTabBarController.swift in Sources */ = {isa = PBXBuildFile; fileRef = F550F31B200D8FD400B50431 /* BaseTabBarController.swift */; };
		F550F31E200D904600B50431 /* MiniPlayerView.swift in Sources */ = {isa = PBXBuildFile; fileRef = F550F31D200D904600B50431 /* MiniPlayerView.swift */; };
		F550F326200DBDF200B50431 /* Queue.storyboard in Resources */ = {isa = PBXBuildFile; fileRef = F550F325200DBDF200B50431 /* Queue.storyboard */; };
		F550F328200DBE9200B50431 /* Playlists.storyboard in Resources */ = {isa = PBXBuildFile; fileRef = F550F327200DBE9200B50431 /* Playlists.storyboard */; };
/* End PBXBuildFile section */

/* Begin PBXContainerItemProxy section */
		F550F2F9200D899C00B50431 /* PBXContainerItemProxy */ = {
			isa = PBXContainerItemProxy;
			containerPortal = F550F2DC200D899C00B50431 /* Project object */;
			proxyType = 1;
			remoteGlobalIDString = F550F2E3200D899C00B50431;
			remoteInfo = Alto;
		};
		F550F304200D899C00B50431 /* PBXContainerItemProxy */ = {
			isa = PBXContainerItemProxy;
			containerPortal = F550F2DC200D899C00B50431 /* Project object */;
			proxyType = 1;
			remoteGlobalIDString = F550F2E3200D899C00B50431;
			remoteInfo = Alto;
		};
/* End PBXContainerItemProxy section */

/* Begin PBXFileReference section */
		03EC6F59446CE0A546515DC8 /* Pods-AltoUITests.debug.xcconfig */ = {isa = PBXFileReference; includeInIndex = 1; lastKnownFileType = text.xcconfig; name = "Pods-AltoUITests.debug.xcconfig"; path = "Pods/Target Support Files/Pods-AltoUITests/Pods-AltoUITests.debug.xcconfig"; sourceTree = "<group>"; };
		10E396DE78B015FF99F6C298 /* Pods-AltoTests.debug.xcconfig */ = {isa = PBXFileReference; includeInIndex = 1; lastKnownFileType = text.xcconfig; name = "Pods-AltoTests.debug.xcconfig"; path = "Pods/Target Support Files/Pods-AltoTests/Pods-AltoTests.debug.xcconfig"; sourceTree = "<group>"; };
		148A45BE16A99598F80C553B /* Pods_Alto.framework */ = {isa = PBXFileReference; explicitFileType = wrapper.framework; includeInIndex = 0; path = Pods_Alto.framework; sourceTree = BUILT_PRODUCTS_DIR; };
		222088ECCDB2C06EF6B7D1C4 /* Pods-Alto.debug.xcconfig */ = {isa = PBXFileReference; includeInIndex = 1; lastKnownFileType = text.xcconfig; name = "Pods-Alto.debug.xcconfig"; path = "Pods/Target Support Files/Pods-Alto/Pods-Alto.debug.xcconfig"; sourceTree = "<group>"; };
		3DE1F3D749EC1F55E5212528 /* Pods-AltoTests.release.xcconfig */ = {isa = PBXFileReference; includeInIndex = 1; lastKnownFileType = text.xcconfig; name = "Pods-AltoTests.release.xcconfig"; path = "Pods/Target Support Files/Pods-AltoTests/Pods-AltoTests.release.xcconfig"; sourceTree = "<group>"; };
		846E35D41364023A1EC8575F /* Pods_AltoUITests.framework */ = {isa = PBXFileReference; explicitFileType = wrapper.framework; includeInIndex = 0; path = Pods_AltoUITests.framework; sourceTree = BUILT_PRODUCTS_DIR; };
		C260463E80DAD22785307B91 /* Pods-AltoUITests.release.xcconfig */ = {isa = PBXFileReference; includeInIndex = 1; lastKnownFileType = text.xcconfig; name = "Pods-AltoUITests.release.xcconfig"; path = "Pods/Target Support Files/Pods-AltoUITests/Pods-AltoUITests.release.xcconfig"; sourceTree = "<group>"; };
		E7E8D8F83B90A4A6FB733974 /* Pods_AltoTests.framework */ = {isa = PBXFileReference; explicitFileType = wrapper.framework; includeInIndex = 0; path = Pods_AltoTests.framework; sourceTree = BUILT_PRODUCTS_DIR; };
		F0D2E0263DDB2E64ECE0C01D /* Pods-Alto.release.xcconfig */ = {isa = PBXFileReference; includeInIndex = 1; lastKnownFileType = text.xcconfig; name = "Pods-Alto.release.xcconfig"; path = "Pods/Target Support Files/Pods-Alto/Pods-Alto.release.xcconfig"; sourceTree = "<group>"; };
		F51D1D75200ED49E00E29729 /* NSObject+Extensions.swift */ = {isa = PBXFileReference; lastKnownFileType = sourcecode.swift; path = "NSObject+Extensions.swift"; sourceTree = "<group>"; };
		F51D1D77200EDADE00E29729 /* MiniPlayerView.xib */ = {isa = PBXFileReference; lastKnownFileType = file.xib; path = MiniPlayerView.xib; sourceTree = "<group>"; };
		F550F2E4200D899C00B50431 /* Alto.app */ = {isa = PBXFileReference; explicitFileType = wrapper.application; includeInIndex = 0; path = Alto.app; sourceTree = BUILT_PRODUCTS_DIR; };
		F550F2E7200D899C00B50431 /* AppDelegate.swift */ = {isa = PBXFileReference; lastKnownFileType = sourcecode.swift; path = AppDelegate.swift; sourceTree = "<group>"; };
		F550F2E9200D899C00B50431 /* BaseViewController.swift */ = {isa = PBXFileReference; lastKnownFileType = sourcecode.swift; path = BaseViewController.swift; sourceTree = "<group>"; };
		F550F2EC200D899C00B50431 /* Base */ = {isa = PBXFileReference; lastKnownFileType = file.storyboard; name = Base; path = Base.lproj/Main.storyboard; sourceTree = "<group>"; };
		F550F2EE200D899C00B50431 /* Assets.xcassets */ = {isa = PBXFileReference; lastKnownFileType = folder.assetcatalog; path = Assets.xcassets; sourceTree = "<group>"; };
		F550F2F1200D899C00B50431 /* Base */ = {isa = PBXFileReference; lastKnownFileType = file.storyboard; name = Base; path = Base.lproj/LaunchScreen.storyboard; sourceTree = "<group>"; };
		F550F2F3200D899C00B50431 /* Info.plist */ = {isa = PBXFileReference; lastKnownFileType = text.plist.xml; path = Info.plist; sourceTree = "<group>"; };
		F550F2F8200D899C00B50431 /* AltoTests.xctest */ = {isa = PBXFileReference; explicitFileType = wrapper.cfbundle; includeInIndex = 0; path = AltoTests.xctest; sourceTree = BUILT_PRODUCTS_DIR; };
		F550F2FC200D899C00B50431 /* AltoTests.swift */ = {isa = PBXFileReference; lastKnownFileType = sourcecode.swift; path = AltoTests.swift; sourceTree = "<group>"; };
		F550F2FE200D899C00B50431 /* Info.plist */ = {isa = PBXFileReference; lastKnownFileType = text.plist.xml; path = Info.plist; sourceTree = "<group>"; };
		F550F303200D899C00B50431 /* AltoUITests.xctest */ = {isa = PBXFileReference; explicitFileType = wrapper.cfbundle; includeInIndex = 0; path = AltoUITests.xctest; sourceTree = BUILT_PRODUCTS_DIR; };
		F550F307200D899C00B50431 /* AltoUITests.swift */ = {isa = PBXFileReference; lastKnownFileType = sourcecode.swift; path = AltoUITests.swift; sourceTree = "<group>"; };
		F550F309200D899C00B50431 /* Info.plist */ = {isa = PBXFileReference; lastKnownFileType = text.plist.xml; path = Info.plist; sourceTree = "<group>"; };
		F550F315200D8E2D00B50431 /* Library.storyboard */ = {isa = PBXFileReference; lastKnownFileType = file.storyboard; path = Library.storyboard; sourceTree = "<group>"; };
		F550F317200D8E3700B50431 /* Search.storyboard */ = {isa = PBXFileReference; lastKnownFileType = file.storyboard; path = Search.storyboard; sourceTree = "<group>"; };
		F550F319200D8E4300B50431 /* Settings.storyboard */ = {isa = PBXFileReference; lastKnownFileType = file.storyboard; path = Settings.storyboard; sourceTree = "<group>"; };
		F550F31B200D8FD400B50431 /* BaseTabBarController.swift */ = {isa = PBXFileReference; lastKnownFileType = sourcecode.swift; path = BaseTabBarController.swift; sourceTree = "<group>"; };
		F550F31D200D904600B50431 /* MiniPlayerView.swift */ = {isa = PBXFileReference; lastKnownFileType = sourcecode.swift; path = MiniPlayerView.swift; sourceTree = "<group>"; };
		F550F325200DBDF200B50431 /* Queue.storyboard */ = {isa = PBXFileReference; lastKnownFileType = file.storyboard; path = Queue.storyboard; sourceTree = "<group>"; };
		F550F327200DBE9200B50431 /* Playlists.storyboard */ = {isa = PBXFileReference; lastKnownFileType = file.storyboard; path = Playlists.storyboard; sourceTree = "<group>"; };
/* End PBXFileReference section */

/* Begin PBXFrameworksBuildPhase section */
		F550F2E1200D899C00B50431 /* Frameworks */ = {
			isa = PBXFrameworksBuildPhase;
			buildActionMask = 2147483647;
			files = (
				E91900D46A6D90F2B7D4852D /* Pods_Alto.framework in Frameworks */,
			);
			runOnlyForDeploymentPostprocessing = 0;
		};
		F550F2F5200D899C00B50431 /* Frameworks */ = {
			isa = PBXFrameworksBuildPhase;
			buildActionMask = 2147483647;
			files = (
				4E5739F459D6283F4E6D544E /* Pods_AltoTests.framework in Frameworks */,
			);
			runOnlyForDeploymentPostprocessing = 0;
		};
		F550F300200D899C00B50431 /* Frameworks */ = {
			isa = PBXFrameworksBuildPhase;
			buildActionMask = 2147483647;
			files = (
				D0CBC6862D9E918C76FCB0B6 /* Pods_AltoUITests.framework in Frameworks */,
			);
			runOnlyForDeploymentPostprocessing = 0;
		};
/* End PBXFrameworksBuildPhase section */

/* Begin PBXGroup section */
		6424D8746FFE08C8AECC4942 /* Frameworks */ = {
			isa = PBXGroup;
			children = (
				148A45BE16A99598F80C553B /* Pods_Alto.framework */,
				E7E8D8F83B90A4A6FB733974 /* Pods_AltoTests.framework */,
				846E35D41364023A1EC8575F /* Pods_AltoUITests.framework */,
			);
			name = Frameworks;
			sourceTree = "<group>";
		};
		89DDA7A5ACE85FE78FFBB1A7 /* Pods */ = {
			isa = PBXGroup;
			children = (
				222088ECCDB2C06EF6B7D1C4 /* Pods-Alto.debug.xcconfig */,
				F0D2E0263DDB2E64ECE0C01D /* Pods-Alto.release.xcconfig */,
				10E396DE78B015FF99F6C298 /* Pods-AltoTests.debug.xcconfig */,
				3DE1F3D749EC1F55E5212528 /* Pods-AltoTests.release.xcconfig */,
				03EC6F59446CE0A546515DC8 /* Pods-AltoUITests.debug.xcconfig */,
				C260463E80DAD22785307B91 /* Pods-AltoUITests.release.xcconfig */,
			);
			name = Pods;
			sourceTree = "<group>";
		};
		F51D1D73200ED47D00E29729 /* Utilities */ = {
			isa = PBXGroup;
			children = (
				F51D1D74200ED48400E29729 /* Extensions */,
			);
			path = Utilities;
			sourceTree = "<group>";
		};
		F51D1D74200ED48400E29729 /* Extensions */ = {
			isa = PBXGroup;
			children = (
				F51D1D75200ED49E00E29729 /* NSObject+Extensions.swift */,
			);
			path = Extensions;
			sourceTree = "<group>";
		};
		F550F2DB200D899C00B50431 = {
			isa = PBXGroup;
			children = (
				F550F2E6200D899C00B50431 /* Alto */,
				F550F2FB200D899C00B50431 /* AltoTests */,
				F550F306200D899C00B50431 /* AltoUITests */,
				F550F2E5200D899C00B50431 /* Products */,
				89DDA7A5ACE85FE78FFBB1A7 /* Pods */,
				6424D8746FFE08C8AECC4942 /* Frameworks */,
			);
			sourceTree = "<group>";
		};
		F550F2E5200D899C00B50431 /* Products */ = {
			isa = PBXGroup;
			children = (
				F550F2E4200D899C00B50431 /* Alto.app */,
				F550F2F8200D899C00B50431 /* AltoTests.xctest */,
				F550F303200D899C00B50431 /* AltoUITests.xctest */,
			);
			name = Products;
			sourceTree = "<group>";
		};
		F550F2E6200D899C00B50431 /* Alto */ = {
			isa = PBXGroup;
			children = (
				F550F2E7200D899C00B50431 /* AppDelegate.swift */,
				F550F324200D98F300B50431 /* Controller */,
				F51D1D73200ED47D00E29729 /* Utilities */,
				F550F2EE200D899C00B50431 /* Assets.xcassets */,
				F550F2F0200D899C00B50431 /* LaunchScreen.storyboard */,
				F550F2F3200D899C00B50431 /* Info.plist */,
			);
			path = Alto;
			sourceTree = "<group>";
		};
		F550F2FB200D899C00B50431 /* AltoTests */ = {
			isa = PBXGroup;
			children = (
				F550F2FC200D899C00B50431 /* AltoTests.swift */,
				F550F2FE200D899C00B50431 /* Info.plist */,
			);
			path = AltoTests;
			sourceTree = "<group>";
		};
		F550F306200D899C00B50431 /* AltoUITests */ = {
			isa = PBXGroup;
			children = (
				F550F307200D899C00B50431 /* AltoUITests.swift */,
				F550F309200D899C00B50431 /* Info.plist */,
			);
			path = AltoUITests;
			sourceTree = "<group>";
		};
		F550F321200D98D300B50431 /* Base */ = {
			isa = PBXGroup;
			children = (
				F550F2EB200D899C00B50431 /* Main.storyboard */,
				F550F31B200D8FD400B50431 /* BaseTabBarController.swift */,
				F550F2E9200D899C00B50431 /* BaseViewController.swift */,
			);
			path = Base;
			sourceTree = "<group>";
		};
		F550F322200D98DA00B50431 /* MiniPlayer */ = {
			isa = PBXGroup;
			children = (
				F51D1D77200EDADE00E29729 /* MiniPlayerView.xib */,
				F550F31D200D904600B50431 /* MiniPlayerView.swift */,
			);
			path = MiniPlayer;
			sourceTree = "<group>";
		};
		F550F323200D98E300B50431 /* Tabs */ = {
			isa = PBXGroup;
			children = (
				F550F319200D8E4300B50431 /* Settings.storyboard */,
				F550F325200DBDF200B50431 /* Queue.storyboard */,
				F550F317200D8E3700B50431 /* Search.storyboard */,
				F550F327200DBE9200B50431 /* Playlists.storyboard */,
				F550F315200D8E2D00B50431 /* Library.storyboard */,
			);
			path = Tabs;
			sourceTree = "<group>";
		};
		F550F324200D98F300B50431 /* Controller */ = {
			isa = PBXGroup;
			children = (
				F550F321200D98D300B50431 /* Base */,
				F550F322200D98DA00B50431 /* MiniPlayer */,
				F550F323200D98E300B50431 /* Tabs */,
			);
			path = Controller;
			sourceTree = "<group>";
		};
/* End PBXGroup section */

/* Begin PBXNativeTarget section */
		F550F2E3200D899C00B50431 /* Alto */ = {
			isa = PBXNativeTarget;
			buildConfigurationList = F550F30C200D899C00B50431 /* Build configuration list for PBXNativeTarget "Alto" */;
			buildPhases = (
				CACD0269944AB4C918D0FECC /* [CP] Check Pods Manifest.lock */,
				F550F2E0200D899C00B50431 /* Sources */,
				F550F2E1200D899C00B50431 /* Frameworks */,
				F550F2E2200D899C00B50431 /* Resources */,
				6B11BA4E663772BA6B03D523 /* [CP] Embed Pods Frameworks */,
				723D62E6EA4CE54DC39A96D8 /* [CP] Copy Pods Resources */,
			);
			buildRules = (
			);
			dependencies = (
			);
			name = Alto;
			productName = Alto;
			productReference = F550F2E4200D899C00B50431 /* Alto.app */;
			productType = "com.apple.product-type.application";
		};
		F550F2F7200D899C00B50431 /* AltoTests */ = {
			isa = PBXNativeTarget;
			buildConfigurationList = F550F30F200D899C00B50431 /* Build configuration list for PBXNativeTarget "AltoTests" */;
			buildPhases = (
				E5EEDA733AA16F1ADA43343D /* [CP] Check Pods Manifest.lock */,
				F550F2F4200D899C00B50431 /* Sources */,
				F550F2F5200D899C00B50431 /* Frameworks */,
				F550F2F6200D899C00B50431 /* Resources */,
				E92C5267AA78BFD9E12B9D11 /* [CP] Embed Pods Frameworks */,
				A8557FE10AFB5F99B8441061 /* [CP] Copy Pods Resources */,
			);
			buildRules = (
			);
			dependencies = (
				F550F2FA200D899C00B50431 /* PBXTargetDependency */,
			);
			name = AltoTests;
			productName = AltoTests;
			productReference = F550F2F8200D899C00B50431 /* AltoTests.xctest */;
			productType = "com.apple.product-type.bundle.unit-test";
		};
		F550F302200D899C00B50431 /* AltoUITests */ = {
			isa = PBXNativeTarget;
			buildConfigurationList = F550F312200D899C00B50431 /* Build configuration list for PBXNativeTarget "AltoUITests" */;
			buildPhases = (
				E3CA3F733154189BA88535DF /* [CP] Check Pods Manifest.lock */,
				F550F2FF200D899C00B50431 /* Sources */,
				F550F300200D899C00B50431 /* Frameworks */,
				F550F301200D899C00B50431 /* Resources */,
				ED1D82D80CEF116196FB2929 /* [CP] Embed Pods Frameworks */,
				210445F576892D1BE839C131 /* [CP] Copy Pods Resources */,
			);
			buildRules = (
			);
			dependencies = (
				F550F305200D899C00B50431 /* PBXTargetDependency */,
			);
			name = AltoUITests;
			productName = AltoUITests;
			productReference = F550F303200D899C00B50431 /* AltoUITests.xctest */;
			productType = "com.apple.product-type.bundle.ui-testing";
		};
/* End PBXNativeTarget section */

/* Begin PBXProject section */
		F550F2DC200D899C00B50431 /* Project object */ = {
			isa = PBXProject;
			attributes = {
				LastSwiftUpdateCheck = 0920;
				LastUpgradeCheck = 0920;
				ORGANIZATIONNAME = nekturlabs;
				TargetAttributes = {
					F550F2E3200D899C00B50431 = {
						CreatedOnToolsVersion = 9.2;
						ProvisioningStyle = Automatic;
					};
					F550F2F7200D899C00B50431 = {
						CreatedOnToolsVersion = 9.2;
						ProvisioningStyle = Automatic;
						TestTargetID = F550F2E3200D899C00B50431;
					};
					F550F302200D899C00B50431 = {
						CreatedOnToolsVersion = 9.2;
						ProvisioningStyle = Automatic;
						TestTargetID = F550F2E3200D899C00B50431;
					};
				};
			};
			buildConfigurationList = F550F2DF200D899C00B50431 /* Build configuration list for PBXProject "Alto" */;
			compatibilityVersion = "Xcode 8.0";
			developmentRegion = en;
			hasScannedForEncodings = 0;
			knownRegions = (
				en,
				Base,
			);
			mainGroup = F550F2DB200D899C00B50431;
			productRefGroup = F550F2E5200D899C00B50431 /* Products */;
			projectDirPath = "";
			projectRoot = "";
			targets = (
				F550F2E3200D899C00B50431 /* Alto */,
				F550F2F7200D899C00B50431 /* AltoTests */,
				F550F302200D899C00B50431 /* AltoUITests */,
			);
		};
/* End PBXProject section */

/* Begin PBXResourcesBuildPhase section */
		F550F2E2200D899C00B50431 /* Resources */ = {
			isa = PBXResourcesBuildPhase;
			buildActionMask = 2147483647;
			files = (
				F51D1D78200EDADE00E29729 /* MiniPlayerView.xib in Resources */,
				F550F2F2200D899C00B50431 /* LaunchScreen.storyboard in Resources */,
				F550F2EF200D899C00B50431 /* Assets.xcassets in Resources */,
				F550F316200D8E2D00B50431 /* Library.storyboard in Resources */,
				F550F31A200D8E4300B50431 /* Settings.storyboard in Resources */,
				F550F326200DBDF200B50431 /* Queue.storyboard in Resources */,
				F550F2ED200D899C00B50431 /* Main.storyboard in Resources */,
				F550F328200DBE9200B50431 /* Playlists.storyboard in Resources */,
				F550F318200D8E3700B50431 /* Search.storyboard in Resources */,
			);
			runOnlyForDeploymentPostprocessing = 0;
		};
		F550F2F6200D899C00B50431 /* Resources */ = {
			isa = PBXResourcesBuildPhase;
			buildActionMask = 2147483647;
			files = (
			);
			runOnlyForDeploymentPostprocessing = 0;
		};
		F550F301200D899C00B50431 /* Resources */ = {
			isa = PBXResourcesBuildPhase;
			buildActionMask = 2147483647;
			files = (
			);
			runOnlyForDeploymentPostprocessing = 0;
		};
/* End PBXResourcesBuildPhase section */

/* Begin PBXShellScriptBuildPhase section */
		210445F576892D1BE839C131 /* [CP] Copy Pods Resources */ = {
			isa = PBXShellScriptBuildPhase;
			buildActionMask = 2147483647;
			files = (
			);
			inputPaths = (
			);
			name = "[CP] Copy Pods Resources";
			outputPaths = (
			);
			runOnlyForDeploymentPostprocessing = 0;
			shellPath = /bin/sh;
			shellScript = "\"${SRCROOT}/Pods/Target Support Files/Pods-AltoUITests/Pods-AltoUITests-resources.sh\"\n";
			showEnvVarsInLog = 0;
		};
		6B11BA4E663772BA6B03D523 /* [CP] Embed Pods Frameworks */ = {
			isa = PBXShellScriptBuildPhase;
			buildActionMask = 2147483647;
			files = (
			);
			inputPaths = (
				"${SRCROOT}/Pods/Target Support Files/Pods-Alto/Pods-Alto-frameworks.sh",
				"${BUILT_PRODUCTS_DIR}/DeckTransition/DeckTransition.framework",
				"${BUILT_PRODUCTS_DIR}/OAuthSwift/OAuthSwift.framework",
			);
			name = "[CP] Embed Pods Frameworks";
			outputPaths = (
				"${TARGET_BUILD_DIR}/${FRAMEWORKS_FOLDER_PATH}/DeckTransition.framework",
				"${TARGET_BUILD_DIR}/${FRAMEWORKS_FOLDER_PATH}/OAuthSwift.framework",
			);
			runOnlyForDeploymentPostprocessing = 0;
			shellPath = /bin/sh;
			shellScript = "\"${SRCROOT}/Pods/Target Support Files/Pods-Alto/Pods-Alto-frameworks.sh\"\n";
			showEnvVarsInLog = 0;
		};
		723D62E6EA4CE54DC39A96D8 /* [CP] Copy Pods Resources */ = {
			isa = PBXShellScriptBuildPhase;
			buildActionMask = 2147483647;
			files = (
			);
			inputPaths = (
			);
			name = "[CP] Copy Pods Resources";
			outputPaths = (
			);
			runOnlyForDeploymentPostprocessing = 0;
			shellPath = /bin/sh;
			shellScript = "\"${SRCROOT}/Pods/Target Support Files/Pods-Alto/Pods-Alto-resources.sh\"\n";
			showEnvVarsInLog = 0;
		};
		A8557FE10AFB5F99B8441061 /* [CP] Copy Pods Resources */ = {
			isa = PBXShellScriptBuildPhase;
			buildActionMask = 2147483647;
			files = (
			);
			inputPaths = (
			);
			name = "[CP] Copy Pods Resources";
			outputPaths = (
			);
			runOnlyForDeploymentPostprocessing = 0;
			shellPath = /bin/sh;
			shellScript = "\"${SRCROOT}/Pods/Target Support Files/Pods-AltoTests/Pods-AltoTests-resources.sh\"\n";
			showEnvVarsInLog = 0;
		};
		CACD0269944AB4C918D0FECC /* [CP] Check Pods Manifest.lock */ = {
			isa = PBXShellScriptBuildPhase;
			buildActionMask = 2147483647;
			files = (
			);
			inputPaths = (
				"${PODS_PODFILE_DIR_PATH}/Podfile.lock",
				"${PODS_ROOT}/Manifest.lock",
			);
			name = "[CP] Check Pods Manifest.lock";
			outputPaths = (
				"$(DERIVED_FILE_DIR)/Pods-Alto-checkManifestLockResult.txt",
			);
			runOnlyForDeploymentPostprocessing = 0;
			shellPath = /bin/sh;
			shellScript = "diff \"${PODS_PODFILE_DIR_PATH}/Podfile.lock\" \"${PODS_ROOT}/Manifest.lock\" > /dev/null\nif [ $? != 0 ] ; then\n    # print error to STDERR\n    echo \"error: The sandbox is not in sync with the Podfile.lock. Run 'pod install' or update your CocoaPods installation.\" >&2\n    exit 1\nfi\n# This output is used by Xcode 'outputs' to avoid re-running this script phase.\necho \"SUCCESS\" > \"${SCRIPT_OUTPUT_FILE_0}\"\n";
			showEnvVarsInLog = 0;
		};
		E3CA3F733154189BA88535DF /* [CP] Check Pods Manifest.lock */ = {
			isa = PBXShellScriptBuildPhase;
			buildActionMask = 2147483647;
			files = (
			);
			inputPaths = (
				"${PODS_PODFILE_DIR_PATH}/Podfile.lock",
				"${PODS_ROOT}/Manifest.lock",
			);
			name = "[CP] Check Pods Manifest.lock";
			outputPaths = (
				"$(DERIVED_FILE_DIR)/Pods-AltoUITests-checkManifestLockResult.txt",
			);
			runOnlyForDeploymentPostprocessing = 0;
			shellPath = /bin/sh;
			shellScript = "diff \"${PODS_PODFILE_DIR_PATH}/Podfile.lock\" \"${PODS_ROOT}/Manifest.lock\" > /dev/null\nif [ $? != 0 ] ; then\n    # print error to STDERR\n    echo \"error: The sandbox is not in sync with the Podfile.lock. Run 'pod install' or update your CocoaPods installation.\" >&2\n    exit 1\nfi\n# This output is used by Xcode 'outputs' to avoid re-running this script phase.\necho \"SUCCESS\" > \"${SCRIPT_OUTPUT_FILE_0}\"\n";
			showEnvVarsInLog = 0;
		};
		E5EEDA733AA16F1ADA43343D /* [CP] Check Pods Manifest.lock */ = {
			isa = PBXShellScriptBuildPhase;
			buildActionMask = 2147483647;
			files = (
			);
			inputPaths = (
				"${PODS_PODFILE_DIR_PATH}/Podfile.lock",
				"${PODS_ROOT}/Manifest.lock",
			);
			name = "[CP] Check Pods Manifest.lock";
			outputPaths = (
				"$(DERIVED_FILE_DIR)/Pods-AltoTests-checkManifestLockResult.txt",
			);
			runOnlyForDeploymentPostprocessing = 0;
			shellPath = /bin/sh;
			shellScript = "diff \"${PODS_PODFILE_DIR_PATH}/Podfile.lock\" \"${PODS_ROOT}/Manifest.lock\" > /dev/null\nif [ $? != 0 ] ; then\n    # print error to STDERR\n    echo \"error: The sandbox is not in sync with the Podfile.lock. Run 'pod install' or update your CocoaPods installation.\" >&2\n    exit 1\nfi\n# This output is used by Xcode 'outputs' to avoid re-running this script phase.\necho \"SUCCESS\" > \"${SCRIPT_OUTPUT_FILE_0}\"\n";
			showEnvVarsInLog = 0;
		};
		E92C5267AA78BFD9E12B9D11 /* [CP] Embed Pods Frameworks */ = {
			isa = PBXShellScriptBuildPhase;
			buildActionMask = 2147483647;
			files = (
			);
			inputPaths = (
			);
			name = "[CP] Embed Pods Frameworks";
			outputPaths = (
			);
			runOnlyForDeploymentPostprocessing = 0;
			shellPath = /bin/sh;
			shellScript = "\"${SRCROOT}/Pods/Target Support Files/Pods-AltoTests/Pods-AltoTests-frameworks.sh\"\n";
			showEnvVarsInLog = 0;
		};
		ED1D82D80CEF116196FB2929 /* [CP] Embed Pods Frameworks */ = {
			isa = PBXShellScriptBuildPhase;
			buildActionMask = 2147483647;
			files = (
			);
			inputPaths = (
			);
			name = "[CP] Embed Pods Frameworks";
			outputPaths = (
			);
			runOnlyForDeploymentPostprocessing = 0;
			shellPath = /bin/sh;
			shellScript = "\"${SRCROOT}/Pods/Target Support Files/Pods-AltoUITests/Pods-AltoUITests-frameworks.sh\"\n";
			showEnvVarsInLog = 0;
		};
/* End PBXShellScriptBuildPhase section */

/* Begin PBXSourcesBuildPhase section */
		F550F2E0200D899C00B50431 /* Sources */ = {
			isa = PBXSourcesBuildPhase;
			buildActionMask = 2147483647;
			files = (
				F51D1D76200ED49E00E29729 /* NSObject+Extensions.swift in Sources */,
				F550F2EA200D899C00B50431 /* BaseViewController.swift in Sources */,
				F550F2E8200D899C00B50431 /* AppDelegate.swift in Sources */,
				F550F31E200D904600B50431 /* MiniPlayerView.swift in Sources */,
				F550F31C200D8FD400B50431 /* BaseTabBarController.swift in Sources */,
			);
			runOnlyForDeploymentPostprocessing = 0;
		};
		F550F2F4200D899C00B50431 /* Sources */ = {
			isa = PBXSourcesBuildPhase;
			buildActionMask = 2147483647;
			files = (
				F550F2FD200D899C00B50431 /* AltoTests.swift in Sources */,
			);
			runOnlyForDeploymentPostprocessing = 0;
		};
		F550F2FF200D899C00B50431 /* Sources */ = {
			isa = PBXSourcesBuildPhase;
			buildActionMask = 2147483647;
			files = (
				F550F308200D899C00B50431 /* AltoUITests.swift in Sources */,
			);
			runOnlyForDeploymentPostprocessing = 0;
		};
/* End PBXSourcesBuildPhase section */

/* Begin PBXTargetDependency section */
		F550F2FA200D899C00B50431 /* PBXTargetDependency */ = {
			isa = PBXTargetDependency;
			target = F550F2E3200D899C00B50431 /* Alto */;
			targetProxy = F550F2F9200D899C00B50431 /* PBXContainerItemProxy */;
		};
		F550F305200D899C00B50431 /* PBXTargetDependency */ = {
			isa = PBXTargetDependency;
			target = F550F2E3200D899C00B50431 /* Alto */;
			targetProxy = F550F304200D899C00B50431 /* PBXContainerItemProxy */;
		};
/* End PBXTargetDependency section */

/* Begin PBXVariantGroup section */
		F550F2EB200D899C00B50431 /* Main.storyboard */ = {
			isa = PBXVariantGroup;
			children = (
				F550F2EC200D899C00B50431 /* Base */,
			);
			name = Main.storyboard;
			sourceTree = "<group>";
		};
		F550F2F0200D899C00B50431 /* LaunchScreen.storyboard */ = {
			isa = PBXVariantGroup;
			children = (
				F550F2F1200D899C00B50431 /* Base */,
			);
			name = LaunchScreen.storyboard;
			sourceTree = "<group>";
		};
/* End PBXVariantGroup section */

/* Begin XCBuildConfiguration section */
		F550F30A200D899C00B50431 /* Debug */ = {
			isa = XCBuildConfiguration;
			buildSettings = {
				ALWAYS_SEARCH_USER_PATHS = NO;
				CLANG_ANALYZER_NONNULL = YES;
				CLANG_ANALYZER_NUMBER_OBJECT_CONVERSION = YES_AGGRESSIVE;
				CLANG_CXX_LANGUAGE_STANDARD = "gnu++14";
				CLANG_CXX_LIBRARY = "libc++";
				CLANG_ENABLE_MODULES = YES;
				CLANG_ENABLE_OBJC_ARC = YES;
				CLANG_WARN_BLOCK_CAPTURE_AUTORELEASING = YES;
				CLANG_WARN_BOOL_CONVERSION = YES;
				CLANG_WARN_COMMA = YES;
				CLANG_WARN_CONSTANT_CONVERSION = YES;
				CLANG_WARN_DIRECT_OBJC_ISA_USAGE = YES_ERROR;
				CLANG_WARN_DOCUMENTATION_COMMENTS = YES;
				CLANG_WARN_EMPTY_BODY = YES;
				CLANG_WARN_ENUM_CONVERSION = YES;
				CLANG_WARN_INFINITE_RECURSION = YES;
				CLANG_WARN_INT_CONVERSION = YES;
				CLANG_WARN_NON_LITERAL_NULL_CONVERSION = YES;
				CLANG_WARN_OBJC_LITERAL_CONVERSION = YES;
				CLANG_WARN_OBJC_ROOT_CLASS = YES_ERROR;
				CLANG_WARN_RANGE_LOOP_ANALYSIS = YES;
				CLANG_WARN_STRICT_PROTOTYPES = YES;
				CLANG_WARN_SUSPICIOUS_MOVE = YES;
				CLANG_WARN_UNGUARDED_AVAILABILITY = YES_AGGRESSIVE;
				CLANG_WARN_UNREACHABLE_CODE = YES;
				CLANG_WARN__DUPLICATE_METHOD_MATCH = YES;
				CODE_SIGN_IDENTITY = "iPhone Developer";
				COPY_PHASE_STRIP = NO;
				DEBUG_INFORMATION_FORMAT = dwarf;
				ENABLE_STRICT_OBJC_MSGSEND = YES;
				ENABLE_TESTABILITY = YES;
				GCC_C_LANGUAGE_STANDARD = gnu11;
				GCC_DYNAMIC_NO_PIC = NO;
				GCC_NO_COMMON_BLOCKS = YES;
				GCC_OPTIMIZATION_LEVEL = 0;
				GCC_PREPROCESSOR_DEFINITIONS = (
					"DEBUG=1",
					"$(inherited)",
				);
				GCC_WARN_64_TO_32_BIT_CONVERSION = YES;
				GCC_WARN_ABOUT_RETURN_TYPE = YES_ERROR;
				GCC_WARN_UNDECLARED_SELECTOR = YES;
				GCC_WARN_UNINITIALIZED_AUTOS = YES_AGGRESSIVE;
				GCC_WARN_UNUSED_FUNCTION = YES;
				GCC_WARN_UNUSED_VARIABLE = YES;
				IPHONEOS_DEPLOYMENT_TARGET = 11.2;
				MTL_ENABLE_DEBUG_INFO = YES;
				ONLY_ACTIVE_ARCH = YES;
				SDKROOT = iphoneos;
				SWIFT_ACTIVE_COMPILATION_CONDITIONS = DEBUG;
				SWIFT_OPTIMIZATION_LEVEL = "-Onone";
			};
			name = Debug;
		};
		F550F30B200D899C00B50431 /* Release */ = {
			isa = XCBuildConfiguration;
			buildSettings = {
				ALWAYS_SEARCH_USER_PATHS = NO;
				CLANG_ANALYZER_NONNULL = YES;
				CLANG_ANALYZER_NUMBER_OBJECT_CONVERSION = YES_AGGRESSIVE;
				CLANG_CXX_LANGUAGE_STANDARD = "gnu++14";
				CLANG_CXX_LIBRARY = "libc++";
				CLANG_ENABLE_MODULES = YES;
				CLANG_ENABLE_OBJC_ARC = YES;
				CLANG_WARN_BLOCK_CAPTURE_AUTORELEASING = YES;
				CLANG_WARN_BOOL_CONVERSION = YES;
				CLANG_WARN_COMMA = YES;
				CLANG_WARN_CONSTANT_CONVERSION = YES;
				CLANG_WARN_DIRECT_OBJC_ISA_USAGE = YES_ERROR;
				CLANG_WARN_DOCUMENTATION_COMMENTS = YES;
				CLANG_WARN_EMPTY_BODY = YES;
				CLANG_WARN_ENUM_CONVERSION = YES;
				CLANG_WARN_INFINITE_RECURSION = YES;
				CLANG_WARN_INT_CONVERSION = YES;
				CLANG_WARN_NON_LITERAL_NULL_CONVERSION = YES;
				CLANG_WARN_OBJC_LITERAL_CONVERSION = YES;
				CLANG_WARN_OBJC_ROOT_CLASS = YES_ERROR;
				CLANG_WARN_RANGE_LOOP_ANALYSIS = YES;
				CLANG_WARN_STRICT_PROTOTYPES = YES;
				CLANG_WARN_SUSPICIOUS_MOVE = YES;
				CLANG_WARN_UNGUARDED_AVAILABILITY = YES_AGGRESSIVE;
				CLANG_WARN_UNREACHABLE_CODE = YES;
				CLANG_WARN__DUPLICATE_METHOD_MATCH = YES;
				CODE_SIGN_IDENTITY = "iPhone Developer";
				COPY_PHASE_STRIP = NO;
				DEBUG_INFORMATION_FORMAT = "dwarf-with-dsym";
				ENABLE_NS_ASSERTIONS = NO;
				ENABLE_STRICT_OBJC_MSGSEND = YES;
				GCC_C_LANGUAGE_STANDARD = gnu11;
				GCC_NO_COMMON_BLOCKS = YES;
				GCC_WARN_64_TO_32_BIT_CONVERSION = YES;
				GCC_WARN_ABOUT_RETURN_TYPE = YES_ERROR;
				GCC_WARN_UNDECLARED_SELECTOR = YES;
				GCC_WARN_UNINITIALIZED_AUTOS = YES_AGGRESSIVE;
				GCC_WARN_UNUSED_FUNCTION = YES;
				GCC_WARN_UNUSED_VARIABLE = YES;
				IPHONEOS_DEPLOYMENT_TARGET = 11.2;
				MTL_ENABLE_DEBUG_INFO = NO;
				SDKROOT = iphoneos;
				SWIFT_OPTIMIZATION_LEVEL = "-Owholemodule";
				VALIDATE_PRODUCT = YES;
			};
			name = Release;
		};
		F550F30D200D899C00B50431 /* Debug */ = {
			isa = XCBuildConfiguration;
			baseConfigurationReference = 222088ECCDB2C06EF6B7D1C4 /* Pods-Alto.debug.xcconfig */;
			buildSettings = {
				ASSETCATALOG_COMPILER_APPICON_NAME = AppIcon;
				CODE_SIGN_STYLE = Automatic;
				DEVELOPMENT_TEAM = 3DJPBY6593;
				INFOPLIST_FILE = Alto/Info.plist;
				LD_RUNPATH_SEARCH_PATHS = "$(inherited) @executable_path/Frameworks";
				PRODUCT_BUNDLE_IDENTIFIER = com.nekturlabs.Alto;
				PRODUCT_NAME = "$(TARGET_NAME)";
				SWIFT_VERSION = 4.0;
				TARGETED_DEVICE_FAMILY = "1,2";
			};
			name = Debug;
		};
		F550F30E200D899C00B50431 /* Release */ = {
			isa = XCBuildConfiguration;
			baseConfigurationReference = F0D2E0263DDB2E64ECE0C01D /* Pods-Alto.release.xcconfig */;
			buildSettings = {
				ASSETCATALOG_COMPILER_APPICON_NAME = AppIcon;
				CODE_SIGN_STYLE = Automatic;
				DEVELOPMENT_TEAM = 3DJPBY6593;
				INFOPLIST_FILE = Alto/Info.plist;
				LD_RUNPATH_SEARCH_PATHS = "$(inherited) @executable_path/Frameworks";
				PRODUCT_BUNDLE_IDENTIFIER = com.nekturlabs.Alto;
				PRODUCT_NAME = "$(TARGET_NAME)";
				SWIFT_VERSION = 4.0;
				TARGETED_DEVICE_FAMILY = "1,2";
			};
			name = Release;
		};
		F550F310200D899C00B50431 /* Debug */ = {
			isa = XCBuildConfiguration;
			baseConfigurationReference = 10E396DE78B015FF99F6C298 /* Pods-AltoTests.debug.xcconfig */;
			buildSettings = {
				ALWAYS_EMBED_SWIFT_STANDARD_LIBRARIES = YES;
				BUNDLE_LOADER = "$(TEST_HOST)";
				CODE_SIGN_STYLE = Automatic;
				DEVELOPMENT_TEAM = 3DJPBY6593;
				INFOPLIST_FILE = AltoTests/Info.plist;
				LD_RUNPATH_SEARCH_PATHS = "$(inherited) @executable_path/Frameworks @loader_path/Frameworks";
				PRODUCT_BUNDLE_IDENTIFIER = com.nekturlabs.AltoTests;
				PRODUCT_NAME = "$(TARGET_NAME)";
				SWIFT_VERSION = 4.0;
				TARGETED_DEVICE_FAMILY = "1,2";
				TEST_HOST = "$(BUILT_PRODUCTS_DIR)/Alto.app/Alto";
			};
			name = Debug;
		};
		F550F311200D899C00B50431 /* Release */ = {
			isa = XCBuildConfiguration;
			baseConfigurationReference = 3DE1F3D749EC1F55E5212528 /* Pods-AltoTests.release.xcconfig */;
			buildSettings = {
				ALWAYS_EMBED_SWIFT_STANDARD_LIBRARIES = YES;
				BUNDLE_LOADER = "$(TEST_HOST)";
				CODE_SIGN_STYLE = Automatic;
				DEVELOPMENT_TEAM = 3DJPBY6593;
				INFOPLIST_FILE = AltoTests/Info.plist;
				LD_RUNPATH_SEARCH_PATHS = "$(inherited) @executable_path/Frameworks @loader_path/Frameworks";
				PRODUCT_BUNDLE_IDENTIFIER = com.nekturlabs.AltoTests;
				PRODUCT_NAME = "$(TARGET_NAME)";
				SWIFT_VERSION = 4.0;
				TARGETED_DEVICE_FAMILY = "1,2";
				TEST_HOST = "$(BUILT_PRODUCTS_DIR)/Alto.app/Alto";
			};
			name = Release;
		};
		F550F313200D899C00B50431 /* Debug */ = {
			isa = XCBuildConfiguration;
			baseConfigurationReference = 03EC6F59446CE0A546515DC8 /* Pods-AltoUITests.debug.xcconfig */;
			buildSettings = {
				ALWAYS_EMBED_SWIFT_STANDARD_LIBRARIES = YES;
				CODE_SIGN_STYLE = Automatic;
				DEVELOPMENT_TEAM = 3DJPBY6593;
				INFOPLIST_FILE = AltoUITests/Info.plist;
				LD_RUNPATH_SEARCH_PATHS = "$(inherited) @executable_path/Frameworks @loader_path/Frameworks";
				PRODUCT_BUNDLE_IDENTIFIER = com.nekturlabs.AltoUITests;
				PRODUCT_NAME = "$(TARGET_NAME)";
				SWIFT_VERSION = 4.0;
				TARGETED_DEVICE_FAMILY = "1,2";
				TEST_TARGET_NAME = Alto;
			};
			name = Debug;
		};
		F550F314200D899C00B50431 /* Release */ = {
			isa = XCBuildConfiguration;
			baseConfigurationReference = C260463E80DAD22785307B91 /* Pods-AltoUITests.release.xcconfig */;
			buildSettings = {
				ALWAYS_EMBED_SWIFT_STANDARD_LIBRARIES = YES;
				CODE_SIGN_STYLE = Automatic;
				DEVELOPMENT_TEAM = 3DJPBY6593;
				INFOPLIST_FILE = AltoUITests/Info.plist;
				LD_RUNPATH_SEARCH_PATHS = "$(inherited) @executable_path/Frameworks @loader_path/Frameworks";
				PRODUCT_BUNDLE_IDENTIFIER = com.nekturlabs.AltoUITests;
				PRODUCT_NAME = "$(TARGET_NAME)";
				SWIFT_VERSION = 4.0;
				TARGETED_DEVICE_FAMILY = "1,2";
				TEST_TARGET_NAME = Alto;
			};
			name = Release;
		};
/* End XCBuildConfiguration section */

/* Begin XCConfigurationList section */
		F550F2DF200D899C00B50431 /* Build configuration list for PBXProject "Alto" */ = {
			isa = XCConfigurationList;
			buildConfigurations = (
				F550F30A200D899C00B50431 /* Debug */,
				F550F30B200D899C00B50431 /* Release */,
			);
			defaultConfigurationIsVisible = 0;
			defaultConfigurationName = Release;
		};
		F550F30C200D899C00B50431 /* Build configuration list for PBXNativeTarget "Alto" */ = {
			isa = XCConfigurationList;
			buildConfigurations = (
				F550F30D200D899C00B50431 /* Debug */,
				F550F30E200D899C00B50431 /* Release */,
			);
			defaultConfigurationIsVisible = 0;
			defaultConfigurationName = Release;
		};
		F550F30F200D899C00B50431 /* Build configuration list for PBXNativeTarget "AltoTests" */ = {
			isa = XCConfigurationList;
			buildConfigurations = (
				F550F310200D899C00B50431 /* Debug */,
				F550F311200D899C00B50431 /* Release */,
			);
			defaultConfigurationIsVisible = 0;
			defaultConfigurationName = Release;
		};
		F550F312200D899C00B50431 /* Build configuration list for PBXNativeTarget "AltoUITests" */ = {
			isa = XCConfigurationList;
			buildConfigurations = (
				F550F313200D899C00B50431 /* Debug */,
				F550F314200D899C00B50431 /* Release */,
			);
			defaultConfigurationIsVisible = 0;
			defaultConfigurationName = Release;
		};
/* End XCConfigurationList section */
	};
	rootObject = F550F2DC200D899C00B50431 /* Project object */;
}
